
Microsoft Visual Studio Solution File, Format Version 12.00
# Visual Studio Version 17
VisualStudioVersion = 17.4.33122.133
MinimumVisualStudioVersion = 10.0.40219.1
Project("{FAE04EC0-301F-11D3-BF4B-00C04F79EFBC}") = "WebApiSistemaGestionVentas", "WebApiSistemaGestionVentas\WebApiSistemaGestionVentas.csproj", "{001A6E2E-87FB-431F-A001-F24A0FFE19ED}"
EndProject
Global
	GlobalSection(SolutionConfigurationPlatforms) = preSolution
		Debug|Any CPU = Debug|Any CPU
		Release|Any CPU = Release|Any CPU
	EndGlobalSection
	GlobalSection(ProjectConfigurationPlatforms) = postSolution
		{001A6E2E-87FB-431F-A001-F24A0FFE19ED}.Debug|Any CPU.ActiveCfg = Debug|Any CPU
		{001A6E2E-87FB-431F-A001-F24A0FFE19ED}.Debug|Any CPU.Build.0 = Debug|Any CPU
		{001A6E2E-87FB-431F-A001-F24A0FFE19ED}.Release|Any CPU.ActiveCfg = Release|Any CPU
		{001A6E2E-87FB-431F-A001-F24A0FFE19ED}.Release|Any CPU.Build.0 = Release|Any CPU
	EndGlobalSection
	GlobalSection(SolutionProperties) = preSolution
		HideSolutionNode = FALSE
	EndGlobalSection
	GlobalSection(ExtensibilityGlobals) = postSolution
		SolutionGuid = {815791B8-2C23-4713-9F6E-143FF4F8E839}
	EndGlobalSection
EndGlobal
